
Microsoft Visual Studio Solution File, Format Version 12.00
# Visual Studio Version 16
VisualStudioVersion = 16.0.28315.86
MinimumVisualStudioVersion = 10.0.40219.1
Project("{2150E333-8FDC-42A3-9474-1A3956D46DE8}") = "Engine", "Engine", "{94A6C6F3-99B3-346E-9557-ABF9D4064DBD}"
EndProject
Project("{2150E333-8FDC-42A3-9474-1A3956D46DE8}") = "Games", "Games", "{8E2F6A87-1826-34F4-940C-CC23A48F9FE4}"
EndProject
Project("{8BC9CEB8-8B4A-11D0-8D11-00A0C91BC942}") = "UE4", "Intermediate\ProjectFiles\UE4.vcxproj", "{41792DF2-D589-47D8-86B5-3F46149033F0}"
EndProject
Project("{8BC9CEB8-8B4A-11D0-8D11-00A0C91BC942}") = "MyProject4", "Intermediate\ProjectFiles\MyProject4.vcxproj", "{5ADEBC7A-6962-4D21-B29C-4CC63742BB29}"
EndProject
Project("{2150E333-8FDC-42A3-9474-1A3956D46DE8}") = "Visualizers", "Visualizers", "{1CCEC849-CC72-4C59-8C36-2F7C38706D4C}"
	ProjectSection(SolutionItems) = preProject
		..\..\..\..\..\Program Files\Epic Games\UE_4.27\Engine\Extras\VisualStudioDebugging\UE4.natvis = ..\..\..\..\..\Program Files\Epic Games\UE_4.27\Engine\Extras\VisualStudioDebugging\UE4.natvis
	EndProjectSection
EndProject
Global
	GlobalSection(SolutionConfigurationPlatforms) = preSolution
		DebugGame Editor|Win32 = DebugGame Editor|Win32
		DebugGame Editor|Win64 = DebugGame Editor|Win64
		DebugGame|Win32 = DebugGame|Win32
		DebugGame|Win64 = DebugGame|Win64
		Development Editor|Win32 = Development Editor|Win32
		Development Editor|Win64 = Development Editor|Win64
		Development|Win32 = Development|Win32
		Development|Win64 = Development|Win64
		Shipping|Win32 = Shipping|Win32
		Shipping|Win64 = Shipping|Win64
	EndGlobalSection
	# Visual Assist Section
	GlobalSection(44630d46-96b5-488c-8df926e21db8c1a3) = preSolution
		ueSolution=true
	EndGlobalSection
	GlobalSection(ProjectConfigurationPlatforms) = postSolution
		{41792DF2-D589-47D8-86B5-3F46149033F0}.DebugGame Editor|Win32.ActiveCfg = BuiltWithUnrealBuildTool|Win32
		{41792DF2-D589-47D8-86B5-3F46149033F0}.DebugGame Editor|Win64.ActiveCfg = BuiltWithUnrealBuildTool|Win32
		{41792DF2-D589-47D8-86B5-3F46149033F0}.DebugGame|Win32.ActiveCfg = BuiltWithUnrealBuildTool|Win32
		{41792DF2-D589-47D8-86B5-3F46149033F0}.DebugGame|Win64.ActiveCfg = BuiltWithUnrealBuildTool|Win32
		{41792DF2-D589-47D8-86B5-3F46149033F0}.Development Editor|Win32.ActiveCfg = BuiltWithUnrealBuildTool|Win32
		{41792DF2-D589-47D8-86B5-3F46149033F0}.Development Editor|Win64.ActiveCfg = BuiltWithUnrealBuildTool|Win32
		{41792DF2-D589-47D8-86B5-3F46149033F0}.Development|Win32.ActiveCfg = BuiltWithUnrealBuildTool|Win32
		{41792DF2-D589-47D8-86B5-3F46149033F0}.Development|Win64.ActiveCfg = BuiltWithUnrealBuildTool|Win32
		{41792DF2-D589-47D8-86B5-3F46149033F0}.Shipping|Win32.ActiveCfg = BuiltWithUnrealBuildTool|Win32
		{41792DF2-D589-47D8-86B5-3F46149033F0}.Shipping|Win64.ActiveCfg = BuiltWithUnrealBuildTool|Win32
		{5ADEBC7A-6962-4D21-B29C-4CC63742BB29}.DebugGame Editor|Win32.ActiveCfg = Invalid|Win32
		{5ADEBC7A-6962-4D21-B29C-4CC63742BB29}.DebugGame Editor|Win64.ActiveCfg = DebugGame_Editor|x64
		{5ADEBC7A-6962-4D21-B29C-4CC63742BB29}.DebugGame Editor|Win64.Build.0 = DebugGame_Editor|x64
		{5ADEBC7A-6962-4D21-B29C-4CC63742BB29}.DebugGame|Win32.ActiveCfg = DebugGame|Win32
		{5ADEBC7A-6962-4D21-B29C-4CC63742BB29}.DebugGame|Win32.Build.0 = DebugGame|Win32
		{5ADEBC7A-6962-4D21-B29C-4CC63742BB29}.DebugGame|Win64.ActiveCfg = DebugGame|x64
		{5ADEBC7A-6962-4D21-B29C-4CC63742BB29}.DebugGame|Win64.Build.0 = DebugGame|x64
		{5ADEBC7A-6962-4D21-B29C-4CC63742BB29}.Development Editor|Win32.ActiveCfg = Invalid|Win32
		{5ADEBC7A-6962-4D21-B29C-4CC63742BB29}.Development Editor|Win64.ActiveCfg = Development_Editor|x64
		{5ADEBC7A-6962-4D21-B29C-4CC63742BB29}.Development Editor|Win64.Build.0 = Development_Editor|x64
		{5ADEBC7A-6962-4D21-B29C-4CC63742BB29}.Development|Win32.ActiveCfg = Development|Win32
		{5ADEBC7A-6962-4D21-B29C-4CC63742BB29}.Development|Win32.Build.0 = Development|Win32
		{5ADEBC7A-6962-4D21-B29C-4CC63742BB29}.Development|Win64.ActiveCfg = Development|x64
		{5ADEBC7A-6962-4D21-B29C-4CC63742BB29}.Development|Win64.Build.0 = Development|x64
		{5ADEBC7A-6962-4D21-B29C-4CC63742BB29}.Shipping|Win32.ActiveCfg = Shipping|Win32
		{5ADEBC7A-6962-4D21-B29C-4CC63742BB29}.Shipping|Win32.Build.0 = Shipping|Win32
		{5ADEBC7A-6962-4D21-B29C-4CC63742BB29}.Shipping|Win64.ActiveCfg = Shipping|x64
		{5ADEBC7A-6962-4D21-B29C-4CC63742BB29}.Shipping|Win64.Build.0 = Shipping|x64
	EndGlobalSection
	GlobalSection(SolutionProperties) = preSolution
		HideSolutionNode = FALSE
	EndGlobalSection
	GlobalSection(NestedProjects) = preSolution
		{41792DF2-D589-47D8-86B5-3F46149033F0} = {94A6C6F3-99B3-346E-9557-ABF9D4064DBD}
		{5ADEBC7A-6962-4D21-B29C-4CC63742BB29} = {8E2F6A87-1826-34F4-940C-CC23A48F9FE4}
	EndGlobalSection
EndGlobal
